
Microsoft Visual Studio Solution File, Format Version 12.00
# Visual Studio Version 16
VisualStudioVersion = 16.0.29009.5
MinimumVisualStudioVersion = 10.0.40219.1
Project("{FAE04EC0-301F-11D3-BF4B-00C04F79EFBC}") = "GreenWichUniversity", "GreenWichUniversity\GreenWichUniversity.csproj", "{F30B15F7-BB42-4824-9E74-438340619FFE}"
EndProject
Global
	GlobalSection(SolutionConfigurationPlatforms) = preSolution
		Debug|Any CPU = Debug|Any CPU
		Release|Any CPU = Release|Any CPU
	EndGlobalSection
	GlobalSection(ProjectConfigurationPlatforms) = postSolution
		{F30B15F7-BB42-4824-9E74-438340619FFE}.Debug|Any CPU.ActiveCfg = Debug|Any CPU
		{F30B15F7-BB42-4824-9E74-438340619FFE}.Debug|Any CPU.Build.0 = Debug|Any CPU
		{F30B15F7-BB42-4824-9E74-438340619FFE}.Release|Any CPU.ActiveCfg = Release|Any CPU
		{F30B15F7-BB42-4824-9E74-438340619FFE}.Release|Any CPU.Build.0 = Release|Any CPU
	EndGlobalSection
	GlobalSection(SolutionProperties) = preSolution
		HideSolutionNode = FALSE
	EndGlobalSection
	GlobalSection(ExtensibilityGlobals) = postSolution
		SolutionGuid = {EA2E3148-8AC1-4370-93B0-B87C71D68B44}
	EndGlobalSection
EndGlobal
